
Microsoft Visual Studio Solution File, Format Version 12.00
# Visual Studio Version 17
VisualStudioVersion = 17.2.32526.322
MinimumVisualStudioVersion = 10.0.40219.1
Project("{FAE04EC0-301F-11D3-BF4B-00C04F79EFBC}") = "Task 12 part 1", "Task 12 part 1\Task 12 part 1.csproj", "{3D8F7FB7-BD13-4DBF-A769-9F15B6CE8591}"
EndProject
Global
	GlobalSection(SolutionConfigurationPlatforms) = preSolution
		Debug|Any CPU = Debug|Any CPU
		Release|Any CPU = Release|Any CPU
	EndGlobalSection
	GlobalSection(ProjectConfigurationPlatforms) = postSolution
		{3D8F7FB7-BD13-4DBF-A769-9F15B6CE8591}.Debug|Any CPU.ActiveCfg = Debug|Any CPU
		{3D8F7FB7-BD13-4DBF-A769-9F15B6CE8591}.Debug|Any CPU.Build.0 = Debug|Any CPU
		{3D8F7FB7-BD13-4DBF-A769-9F15B6CE8591}.Release|Any CPU.ActiveCfg = Release|Any CPU
		{3D8F7FB7-BD13-4DBF-A769-9F15B6CE8591}.Release|Any CPU.Build.0 = Release|Any CPU
	EndGlobalSection
	GlobalSection(SolutionProperties) = preSolution
		HideSolutionNode = FALSE
	EndGlobalSection
	GlobalSection(ExtensibilityGlobals) = postSolution
		SolutionGuid = {01FB3314-5E56-4432-9327-3E66AC6612C0}
	EndGlobalSection
EndGlobal
