
Microsoft Visual Studio Solution File, Format Version 12.00
# Visual Studio Version 17
VisualStudioVersion = 17.2.32526.322
MinimumVisualStudioVersion = 10.0.40219.1
Project("{9A19103F-16F7-4668-BE54-9A1E7A4F7556}") = "Task 14", "Task 14\Task 14.csproj", "{83F8DBC0-EF68-4426-BC42-1332D17B4958}"
EndProject
Project("{2150E333-8FDC-42A3-9474-1A3956D46DE8}") = "Solution Items", "Solution Items", "{A61E533E-5847-42E7-A223-A7748128F20A}"
	ProjectSection(SolutionItems) = preProject
		BinaryStorage.txt = BinaryStorage.txt
		PizzaRecepies1.xml = PizzaRecepies1.xml
		PizzaRecepies2.xml = PizzaRecepies2.xml
		Storage.xml = Storage.xml
	EndProjectSection
EndProject
Global
	GlobalSection(SolutionConfigurationPlatforms) = preSolution
		Debug|Any CPU = Debug|Any CPU
		Release|Any CPU = Release|Any CPU
	EndGlobalSection
	GlobalSection(ProjectConfigurationPlatforms) = postSolution
		{83F8DBC0-EF68-4426-BC42-1332D17B4958}.Debug|Any CPU.ActiveCfg = Debug|Any CPU
		{83F8DBC0-EF68-4426-BC42-1332D17B4958}.Debug|Any CPU.Build.0 = Debug|Any CPU
		{83F8DBC0-EF68-4426-BC42-1332D17B4958}.Release|Any CPU.ActiveCfg = Release|Any CPU
		{83F8DBC0-EF68-4426-BC42-1332D17B4958}.Release|Any CPU.Build.0 = Release|Any CPU
	EndGlobalSection
	GlobalSection(SolutionProperties) = preSolution
		HideSolutionNode = FALSE
	EndGlobalSection
	GlobalSection(ExtensibilityGlobals) = postSolution
		SolutionGuid = {F8A6A06D-EC9F-451B-BC49-6F7B731BC194}
	EndGlobalSection
EndGlobal
