
Microsoft Visual Studio Solution File, Format Version 12.00
# Visual Studio Version 17
VisualStudioVersion = 17.2.32526.322
MinimumVisualStudioVersion = 10.0.40219.1
Project("{FAE04EC0-301F-11D3-BF4B-00C04F79EFBC}") = "task 12 part 3 (польский калькулятор)", "task 12 part 3 (польский калькулятор)\task 12 part 3 (польский калькулятор).csproj", "{F57595F5-1CD1-4CB4-93AE-8C9B44740D54}"
EndProject
Global
	GlobalSection(SolutionConfigurationPlatforms) = preSolution
		Debug|Any CPU = Debug|Any CPU
		Release|Any CPU = Release|Any CPU
	EndGlobalSection
	GlobalSection(ProjectConfigurationPlatforms) = postSolution
		{F57595F5-1CD1-4CB4-93AE-8C9B44740D54}.Debug|Any CPU.ActiveCfg = Debug|Any CPU
		{F57595F5-1CD1-4CB4-93AE-8C9B44740D54}.Debug|Any CPU.Build.0 = Debug|Any CPU
		{F57595F5-1CD1-4CB4-93AE-8C9B44740D54}.Release|Any CPU.ActiveCfg = Release|Any CPU
		{F57595F5-1CD1-4CB4-93AE-8C9B44740D54}.Release|Any CPU.Build.0 = Release|Any CPU
	EndGlobalSection
	GlobalSection(SolutionProperties) = preSolution
		HideSolutionNode = FALSE
	EndGlobalSection
	GlobalSection(ExtensibilityGlobals) = postSolution
		SolutionGuid = {54F794B6-7E84-4E80-A8BC-5C12D7C8CF09}
	EndGlobalSection
EndGlobal
