
Microsoft Visual Studio Solution File, Format Version 12.00
# Visual Studio Version 16
VisualStudioVersion = 16.0.32413.511
MinimumVisualStudioVersion = 10.0.40219.1
Project("{FAE04EC0-301F-11D3-BF4B-00C04F79EFBC}") = "Task8", "Task8\Task8.csproj", "{DC89B06C-0E94-49AD-807E-78E99B4AAE8E}"
EndProject
Global
	GlobalSection(SolutionConfigurationPlatforms) = preSolution
		Debug|Any CPU = Debug|Any CPU
		Release|Any CPU = Release|Any CPU
	EndGlobalSection
	GlobalSection(ProjectConfigurationPlatforms) = postSolution
		{DC89B06C-0E94-49AD-807E-78E99B4AAE8E}.Debug|Any CPU.ActiveCfg = Debug|Any CPU
		{DC89B06C-0E94-49AD-807E-78E99B4AAE8E}.Debug|Any CPU.Build.0 = Debug|Any CPU
		{DC89B06C-0E94-49AD-807E-78E99B4AAE8E}.Release|Any CPU.ActiveCfg = Release|Any CPU
		{DC89B06C-0E94-49AD-807E-78E99B4AAE8E}.Release|Any CPU.Build.0 = Release|Any CPU
	EndGlobalSection
	GlobalSection(SolutionProperties) = preSolution
		HideSolutionNode = FALSE
	EndGlobalSection
	GlobalSection(ExtensibilityGlobals) = postSolution
		SolutionGuid = {65183E3B-1A92-44A2-BD65-3D3F06C2EF0A}
	EndGlobalSection
EndGlobal
