
Microsoft Visual Studio Solution File, Format Version 12.00
# Visual Studio Version 16
VisualStudioVersion = 16.0.32413.511
MinimumVisualStudioVersion = 10.0.40219.1
Project("{9A19103F-16F7-4668-BE54-9A1E7A4F7556}") = "Vector", "Vector.csproj", "{17903446-1BB6-469F-BC8C-AE9D25335B5C}"
EndProject
Global
	GlobalSection(SolutionConfigurationPlatforms) = preSolution
		Debug|Any CPU = Debug|Any CPU
		Release|Any CPU = Release|Any CPU
	EndGlobalSection
	GlobalSection(ProjectConfigurationPlatforms) = postSolution
		{17903446-1BB6-469F-BC8C-AE9D25335B5C}.Debug|Any CPU.ActiveCfg = Debug|Any CPU
		{17903446-1BB6-469F-BC8C-AE9D25335B5C}.Debug|Any CPU.Build.0 = Debug|Any CPU
		{17903446-1BB6-469F-BC8C-AE9D25335B5C}.Release|Any CPU.ActiveCfg = Release|Any CPU
		{17903446-1BB6-469F-BC8C-AE9D25335B5C}.Release|Any CPU.Build.0 = Release|Any CPU
	EndGlobalSection
	GlobalSection(SolutionProperties) = preSolution
		HideSolutionNode = FALSE
	EndGlobalSection
	GlobalSection(ExtensibilityGlobals) = postSolution
		SolutionGuid = {583C319C-4B10-4A42-9898-32A48D30CFA1}
	EndGlobalSection
EndGlobal
