
Microsoft Visual Studio Solution File, Format Version 12.00
# Visual Studio Version 16
VisualStudioVersion = 16.0.32413.511
MinimumVisualStudioVersion = 10.0.40219.1
Project("{FAE04EC0-301F-11D3-BF4B-00C04F79EFBC}") = "Task8Part2", "Task8Part2\Task8Part2.csproj", "{CFCB0163-5DD2-412E-9F6E-515078000F20}"
EndProject
Global
	GlobalSection(SolutionConfigurationPlatforms) = preSolution
		Debug|Any CPU = Debug|Any CPU
		Release|Any CPU = Release|Any CPU
	EndGlobalSection
	GlobalSection(ProjectConfigurationPlatforms) = postSolution
		{CFCB0163-5DD2-412E-9F6E-515078000F20}.Debug|Any CPU.ActiveCfg = Debug|Any CPU
		{CFCB0163-5DD2-412E-9F6E-515078000F20}.Debug|Any CPU.Build.0 = Debug|Any CPU
		{CFCB0163-5DD2-412E-9F6E-515078000F20}.Release|Any CPU.ActiveCfg = Release|Any CPU
		{CFCB0163-5DD2-412E-9F6E-515078000F20}.Release|Any CPU.Build.0 = Release|Any CPU
	EndGlobalSection
	GlobalSection(SolutionProperties) = preSolution
		HideSolutionNode = FALSE
	EndGlobalSection
	GlobalSection(ExtensibilityGlobals) = postSolution
		SolutionGuid = {D5554C50-0384-4A1F-B616-9D376BDC2164}
	EndGlobalSection
EndGlobal
